
Microsoft Visual Studio Solution File, Format Version 12.00
# Visual Studio Version 16
VisualStudioVersion = 16.0.810.14
MinimumVisualStudioVersion = 10.0.40219.1
Project("{FAE04EC0-301F-11D3-BF4B-00C04F79EFBC}") = "Warehouse.Mobile.Android", "Warehouse.Mobile.Android.csproj", "{C8824736-F378-44A4-86C3-7C0A346790C7}"
EndProject
Global
	GlobalSection(SolutionConfigurationPlatforms) = preSolution
		Debug|Any CPU = Debug|Any CPU
		Release|Any CPU = Release|Any CPU
	EndGlobalSection
	GlobalSection(ProjectConfigurationPlatforms) = postSolution
		{C8824736-F378-44A4-86C3-7C0A346790C7}.Debug|Any CPU.ActiveCfg = Debug|Any CPU
		{C8824736-F378-44A4-86C3-7C0A346790C7}.Debug|Any CPU.Build.0 = Debug|Any CPU
		{C8824736-F378-44A4-86C3-7C0A346790C7}.Release|Any CPU.ActiveCfg = Release|Any CPU
		{C8824736-F378-44A4-86C3-7C0A346790C7}.Release|Any CPU.Build.0 = Release|Any CPU
	EndGlobalSection
	GlobalSection(SolutionProperties) = preSolution
		HideSolutionNode = FALSE
	EndGlobalSection
	GlobalSection(ExtensibilityGlobals) = postSolution
		SolutionGuid = {5EAD8055-62D3-4F68-9B23-02E87BDC10EA}
	EndGlobalSection
EndGlobal
